
Microsoft Visual Studio Solution File, Format Version 12.00
# Visual Studio Version 17
VisualStudioVersion = 17.11.35327.3
MinimumVisualStudioVersion = 10.0.40219.1
Project("{9A19103F-16F7-4668-BE54-9A1E7A4F7556}") = "Stage0", "Stage0\Stage0.csproj", "{57204ED8-EDE4-4B41-B1F2-BE7198640877}"
EndProject
Project("{2150E333-8FDC-42A3-9474-1A3956D46DE8}") = "Solution Items", "Solution Items", "{C714DC06-899E-4D65-856A-C960096A94BB}"
	ProjectSection(SolutionItems) = preProject
		README.md = README.md
	EndProjectSection
EndProject
Project("{9A19103F-16F7-4668-BE54-9A1E7A4F7556}") = "DalFacade", "DalFacade\DalFacade.csproj", "{A1749DB5-7139-453F-9582-D199B1F83211}"
EndProject
Project("{9A19103F-16F7-4668-BE54-9A1E7A4F7556}") = "DalList", "DalList\DalList.csproj", "{95C28F15-9940-456E-8E1F-82B6D8B2F23B}"
EndProject
Project("{9A19103F-16F7-4668-BE54-9A1E7A4F7556}") = "DalTest", "DalTest\DalTest.csproj", "{6A89CF85-A98F-44D6-919F-797CAF09A8D6}"
EndProject
Project("{9A19103F-16F7-4668-BE54-9A1E7A4F7556}") = "DalXml", "DalXml\DalXml.csproj", "{6F128092-0373-4CEE-AB94-F2712267653B}"
EndProject
Project("{2150E333-8FDC-42A3-9474-1A3956D46DE8}") = "xml", "xml", "{E62583AC-4D4C-427D-844E-1FEA882E7D43}"
	ProjectSection(SolutionItems) = preProject
		xml\assignments.xml = xml\assignments.xml
		xml\calls.xml = xml\calls.xml
		xml\dal-config.xml = xml\dal-config.xml
		xml\data-config.xml = xml\data-config.xml
		xml\volunteers.xml = xml\volunteers.xml
	EndProjectSection
EndProject
Project("{FAE04EC0-301F-11D3-BF4B-00C04F79EFBC}") = "BL", "BL\BL.csproj", "{9FF9C3B4-70AB-4897-8F29-1180F9EA24B0}"
EndProject
Project("{FAE04EC0-301F-11D3-BF4B-00C04F79EFBC}") = "BlTest", "BlTest\BlTest.csproj", "{F7684A9E-A71A-402A-8E5D-748FE37B4C21}"
EndProject
Global
	GlobalSection(SolutionConfigurationPlatforms) = preSolution
		Debug|Any CPU = Debug|Any CPU
		Release|Any CPU = Release|Any CPU
	EndGlobalSection
	GlobalSection(ProjectConfigurationPlatforms) = postSolution
		{57204ED8-EDE4-4B41-B1F2-BE7198640877}.Debug|Any CPU.ActiveCfg = Debug|Any CPU
		{57204ED8-EDE4-4B41-B1F2-BE7198640877}.Debug|Any CPU.Build.0 = Debug|Any CPU
		{57204ED8-EDE4-4B41-B1F2-BE7198640877}.Release|Any CPU.ActiveCfg = Release|Any CPU
		{57204ED8-EDE4-4B41-B1F2-BE7198640877}.Release|Any CPU.Build.0 = Release|Any CPU
		{A1749DB5-7139-453F-9582-D199B1F83211}.Debug|Any CPU.ActiveCfg = Debug|Any CPU
		{A1749DB5-7139-453F-9582-D199B1F83211}.Debug|Any CPU.Build.0 = Debug|Any CPU
		{A1749DB5-7139-453F-9582-D199B1F83211}.Release|Any CPU.ActiveCfg = Release|Any CPU
		{A1749DB5-7139-453F-9582-D199B1F83211}.Release|Any CPU.Build.0 = Release|Any CPU
		{95C28F15-9940-456E-8E1F-82B6D8B2F23B}.Debug|Any CPU.ActiveCfg = Debug|Any CPU
		{95C28F15-9940-456E-8E1F-82B6D8B2F23B}.Debug|Any CPU.Build.0 = Debug|Any CPU
		{95C28F15-9940-456E-8E1F-82B6D8B2F23B}.Release|Any CPU.ActiveCfg = Release|Any CPU
		{95C28F15-9940-456E-8E1F-82B6D8B2F23B}.Release|Any CPU.Build.0 = Release|Any CPU
		{6A89CF85-A98F-44D6-919F-797CAF09A8D6}.Debug|Any CPU.ActiveCfg = Debug|Any CPU
		{6A89CF85-A98F-44D6-919F-797CAF09A8D6}.Debug|Any CPU.Build.0 = Debug|Any CPU
		{6A89CF85-A98F-44D6-919F-797CAF09A8D6}.Release|Any CPU.ActiveCfg = Release|Any CPU
		{6A89CF85-A98F-44D6-919F-797CAF09A8D6}.Release|Any CPU.Build.0 = Release|Any CPU
		{6F128092-0373-4CEE-AB94-F2712267653B}.Debug|Any CPU.ActiveCfg = Debug|Any CPU
		{6F128092-0373-4CEE-AB94-F2712267653B}.Debug|Any CPU.Build.0 = Debug|Any CPU
		{6F128092-0373-4CEE-AB94-F2712267653B}.Release|Any CPU.ActiveCfg = Release|Any CPU
		{6F128092-0373-4CEE-AB94-F2712267653B}.Release|Any CPU.Build.0 = Release|Any CPU
		{9FF9C3B4-70AB-4897-8F29-1180F9EA24B0}.Debug|Any CPU.ActiveCfg = Debug|Any CPU
		{9FF9C3B4-70AB-4897-8F29-1180F9EA24B0}.Debug|Any CPU.Build.0 = Debug|Any CPU
		{9FF9C3B4-70AB-4897-8F29-1180F9EA24B0}.Release|Any CPU.ActiveCfg = Release|Any CPU
		{9FF9C3B4-70AB-4897-8F29-1180F9EA24B0}.Release|Any CPU.Build.0 = Release|Any CPU
		{F7684A9E-A71A-402A-8E5D-748FE37B4C21}.Debug|Any CPU.ActiveCfg = Debug|Any CPU
		{F7684A9E-A71A-402A-8E5D-748FE37B4C21}.Debug|Any CPU.Build.0 = Debug|Any CPU
		{F7684A9E-A71A-402A-8E5D-748FE37B4C21}.Release|Any CPU.ActiveCfg = Release|Any CPU
		{F7684A9E-A71A-402A-8E5D-748FE37B4C21}.Release|Any CPU.Build.0 = Release|Any CPU
	EndGlobalSection
	GlobalSection(SolutionProperties) = preSolution
		HideSolutionNode = FALSE
	EndGlobalSection
	GlobalSection(ExtensibilityGlobals) = postSolution
		SolutionGuid = {DA465788-68F6-4975-84B3-F6787B65FD98}
	EndGlobalSection
EndGlobal
